// !$*UTF8*$!
{
	archiveVersion = 1;
	classes = {
	};
	objectVersion = 50;
	objects = {

/* Begin PBXBuildFile section */
		1C9385CE2315536C00341E1B /* AppDelegate.swift in Sources */ = {isa = PBXBuildFile; fileRef = 1C9385CD2315536C00341E1B /* AppDelegate.swift */; };
		1C9385D02315536C00341E1B /* ViewController.swift in Sources */ = {isa = PBXBuildFile; fileRef = 1C9385CF2315536C00341E1B /* ViewController.swift */; };
		1C9385D32315536C00341E1B /* Main.storyboard in Resources */ = {isa = PBXBuildFile; fileRef = 1C9385D12315536C00341E1B /* Main.storyboard */; };
		1C9385D52315536E00341E1B /* Assets.xcassets in Resources */ = {isa = PBXBuildFile; fileRef = 1C9385D42315536E00341E1B /* Assets.xcassets */; };
		1C9385D82315536E00341E1B /* LaunchScreen.storyboard in Resources */ = {isa = PBXBuildFile; fileRef = 1C9385D62315536E00341E1B /* LaunchScreen.storyboard */; };
		1C9385E0231554C500341E1B /* Model.swift in Sources */ = {isa = PBXBuildFile; fileRef = 1C9385DF231554C500341E1B /* Model.swift */; };
		1C9385E22315577E00341E1B /* AlgoliaCell.swift in Sources */ = {isa = PBXBuildFile; fileRef = 1C9385E12315577E00341E1B /* AlgoliaCell.swift */; };
/* End PBXBuildFile section */

/* Begin PBXFileReference section */
		1C9385CA2315536C00341E1B /* Algolia.app */ = {isa = PBXFileReference; explicitFileType = wrapper.application; includeInIndex = 0; path = Algolia.app; sourceTree = BUILT_PRODUCTS_DIR; };
		1C9385CD2315536C00341E1B /* AppDelegate.swift */ = {isa = PBXFileReference; lastKnownFileType = sourcecode.swift; path = AppDelegate.swift; sourceTree = "<group>"; };
		1C9385CF2315536C00341E1B /* ViewController.swift */ = {isa = PBXFileReference; lastKnownFileType = sourcecode.swift; path = ViewController.swift; sourceTree = "<group>"; };
		1C9385D22315536C00341E1B /* Base */ = {isa = PBXFileReference; lastKnownFileType = file.storyboard; name = Base; path = Base.lproj/Main.storyboard; sourceTree = "<group>"; };
		1C9385D42315536E00341E1B /* Assets.xcassets */ = {isa = PBXFileReference; lastKnownFileType = folder.assetcatalog; path = Assets.xcassets; sourceTree = "<group>"; };
		1C9385D72315536E00341E1B /* Base */ = {isa = PBXFileReference; lastKnownFileType = file.storyboard; name = Base; path = Base.lproj/LaunchScreen.storyboard; sourceTree = "<group>"; };
		1C9385D92315536E00341E1B /* Info.plist */ = {isa = PBXFileReference; lastKnownFileType = text.plist.xml; path = Info.plist; sourceTree = "<group>"; };
		1C9385DF231554C500341E1B /* Model.swift */ = {isa = PBXFileReference; lastKnownFileType = sourcecode.swift; path = Model.swift; sourceTree = "<group>"; };
		1C9385E12315577E00341E1B /* AlgoliaCell.swift */ = {isa = PBXFileReference; lastKnownFileType = sourcecode.swift; path = AlgoliaCell.swift; sourceTree = "<group>"; };
/* End PBXFileReference section */

/* Begin PBXFrameworksBuildPhase section */
		1C9385C72315536C00341E1B /* Frameworks */ = {
			isa = PBXFrameworksBuildPhase;
			buildActionMask = 2147483647;
			files = (
			);
			runOnlyForDeploymentPostprocessing = 0;
		};
/* End PBXFrameworksBuildPhase section */

/* Begin PBXGroup section */
		1C9385C12315536C00341E1B = {
			isa = PBXGroup;
			children = (
				1C9385CC2315536C00341E1B /* Algolia */,
				1C9385CB2315536C00341E1B /* Products */,
			);
			sourceTree = "<group>";
		};
		1C9385CB2315536C00341E1B /* Products */ = {
			isa = PBXGroup;
			children = (
				1C9385CA2315536C00341E1B /* Algolia.app */,
			);
			name = Products;
			sourceTree = "<group>";
		};
		1C9385CC2315536C00341E1B /* Algolia */ = {
			isa = PBXGroup;
			children = (
				1C9385CD2315536C00341E1B /* AppDelegate.swift */,
				1CE0864923190C1E008969FD /* Model */,
				1CE0864A23190C28008969FD /* View */,
				1CE0864B23190C34008969FD /* Controller */,
				1C9385D12315536C00341E1B /* Main.storyboard */,
				1C9385D42315536E00341E1B /* Assets.xcassets */,
				1C9385D62315536E00341E1B /* LaunchScreen.storyboard */,
				1C9385D92315536E00341E1B /* Info.plist */,
			);
			path = Algolia;
			sourceTree = "<group>";
		};
		1CE0864923190C1E008969FD /* Model */ = {
			isa = PBXGroup;
			children = (
				1C9385DF231554C500341E1B /* Model.swift */,
			);
			path = Model;
			sourceTree = "<group>";
		};
		1CE0864A23190C28008969FD /* View */ = {
			isa = PBXGroup;
			children = (
				1C9385E12315577E00341E1B /* AlgoliaCell.swift */,
			);
			path = View;
			sourceTree = "<group>";
		};
		1CE0864B23190C34008969FD /* Controller */ = {
			isa = PBXGroup;
			children = (
				1C9385CF2315536C00341E1B /* ViewController.swift */,
			);
			path = Controller;
			sourceTree = "<group>";
		};
/* End PBXGroup section */

/* Begin PBXNativeTarget section */
		1C9385C92315536C00341E1B /* Algolia */ = {
			isa = PBXNativeTarget;
			buildConfigurationList = 1C9385DC2315536E00341E1B /* Build configuration list for PBXNativeTarget "Algolia" */;
			buildPhases = (
				1C9385C62315536C00341E1B /* Sources */,
				1C9385C72315536C00341E1B /* Frameworks */,
				1C9385C82315536C00341E1B /* Resources */,
			);
			buildRules = (
			);
			dependencies = (
			);
			name = Algolia;
			productName = Algolia;
			productReference = 1C9385CA2315536C00341E1B /* Algolia.app */;
			productType = "com.apple.product-type.application";
		};
/* End PBXNativeTarget section */

/* Begin PBXProject section */
		1C9385C22315536C00341E1B /* Project object */ = {
			isa = PBXProject;
			attributes = {
				LastSwiftUpdateCheck = 1010;
				LastUpgradeCheck = 1010;
				ORGANIZATIONNAME = "abhinav khanduja";
				TargetAttributes = {
					1C9385C92315536C00341E1B = {
						CreatedOnToolsVersion = 10.1;
					};
				};
			};
			buildConfigurationList = 1C9385C52315536C00341E1B /* Build configuration list for PBXProject "Algolia" */;
			compatibilityVersion = "Xcode 9.3";
			developmentRegion = en;
			hasScannedForEncodings = 0;
			knownRegions = (
				en,
				Base,
			);
			mainGroup = 1C9385C12315536C00341E1B;
			productRefGroup = 1C9385CB2315536C00341E1B /* Products */;
			projectDirPath = "";
			projectRoot = "";
			targets = (
				1C9385C92315536C00341E1B /* Algolia */,
			);
		};
/* End PBXProject section */

/* Begin PBXResourcesBuildPhase section */
		1C9385C82315536C00341E1B /* Resources */ = {
			isa = PBXResourcesBuildPhase;
			buildActionMask = 2147483647;
			files = (
				1C9385D82315536E00341E1B /* LaunchScreen.storyboard in Resources */,
				1C9385D52315536E00341E1B /* Assets.xcassets in Resources */,
				1C9385D32315536C00341E1B /* Main.storyboard in Resources */,
			);
			runOnlyForDeploymentPostprocessing = 0;
		};
/* End PBXResourcesBuildPhase section */

/* Begin PBXSourcesBuildPhase section */
		1C9385C62315536C00341E1B /* Sources */ = {
			isa = PBXSourcesBuildPhase;
			buildActionMask = 2147483647;
			files = (
				1C9385E0231554C500341E1B /* Model.swift in Sources */,
				1C9385E22315577E00341E1B /* AlgoliaCell.swift in Sources */,
				1C9385D02315536C00341E1B /* ViewController.swift in Sources */,
				1C9385CE2315536C00341E1B /* AppDelegate.swift in Sources */,
			);
			runOnlyForDeploymentPostprocessing = 0;
		};
/* End PBXSourcesBuildPhase section */

/* Begin PBXVariantGroup section */
		1C9385D12315536C00341E1B /* Main.storyboard */ = {
			isa = PBXVariantGroup;
			children = (
				1C9385D22315536C00341E1B /* Base */,
			);
			name = Main.storyboard;
			sourceTree = "<group>";
		};
		1C9385D62315536E00341E1B /* LaunchScreen.storyboard */ = {
			isa = PBXVariantGroup;
			children = (
				1C9385D72315536E00341E1B /* Base */,
			);
			name = LaunchScreen.storyboard;
			sourceTree = "<group>";
		};
/* End PBXVariantGroup section */

/* Begin XCBuildConfiguration section */
		1C9385DA2315536E00341E1B /* Debug */ = {
			isa = XCBuildConfiguration;
			buildSettings = {
				ALWAYS_SEARCH_USER_PATHS = NO;
				CLANG_ANALYZER_NONNULL = YES;
				CLANG_ANALYZER_NUMBER_OBJECT_CONVERSION = YES_AGGRESSIVE;
				CLANG_CXX_LANGUAGE_STANDARD = "gnu++14";
				CLANG_CXX_LIBRARY = "libc++";
				CLANG_ENABLE_MODULES = YES;
				CLANG_ENABLE_OBJC_ARC = YES;
				CLANG_ENABLE_OBJC_WEAK = YES;
				CLANG_WARN_BLOCK_CAPTURE_AUTORELEASING = YES;
				CLANG_WARN_BOOL_CONVERSION = YES;
				CLANG_WARN_COMMA = YES;
				CLANG_WARN_CONSTANT_CONVERSION = YES;
				CLANG_WARN_DEPRECATED_OBJC_IMPLEMENTATIONS = YES;
				CLANG_WARN_DIRECT_OBJC_ISA_USAGE = YES_ERROR;
				CLANG_WARN_DOCUMENTATION_COMMENTS = YES;
				CLANG_WARN_EMPTY_BODY = YES;
				CLANG_WARN_ENUM_CONVERSION = YES;
				CLANG_WARN_INFINITE_RECURSION = YES;
				CLANG_WARN_INT_CONVERSION = YES;
				CLANG_WARN_NON_LITERAL_NULL_CONVERSION = YES;
				CLANG_WARN_OBJC_IMPLICIT_RETAIN_SELF = YES;
				CLANG_WARN_OBJC_LITERAL_CONVERSION = YES;
				CLANG_WARN_OBJC_ROOT_CLASS = YES_ERROR;
				CLANG_WARN_RANGE_LOOP_ANALYSIS = YES;
				CLANG_WARN_STRICT_PROTOTYPES = YES;
				CLANG_WARN_SUSPICIOUS_MOVE = YES;
				CLANG_WARN_UNGUARDED_AVAILABILITY = YES_AGGRESSIVE;
				CLANG_WARN_UNREACHABLE_CODE = YES;
				CLANG_WARN__DUPLICATE_METHOD_MATCH = YES;
				CODE_SIGN_IDENTITY = "iPhone Developer";
				COPY_PHASE_STRIP = NO;
				DEBUG_INFORMATION_FORMAT = dwarf;
				ENABLE_STRICT_OBJC_MSGSEND = YES;
				ENABLE_TESTABILITY = YES;
				GCC_C_LANGUAGE_STANDARD = gnu11;
				GCC_DYNAMIC_NO_PIC = NO;
				GCC_NO_COMMON_BLOCKS = YES;
				GCC_OPTIMIZATION_LEVEL = 0;
				GCC_PREPROCESSOR_DEFINITIONS = (
					"DEBUG=1",
					"$(inherited)",
				);
				GCC_WARN_64_TO_32_BIT_CONVERSION = YES;
				GCC_WARN_ABOUT_RETURN_TYPE = YES_ERROR;
				GCC_WARN_UNDECLARED_SELECTOR = YES;
				GCC_WARN_UNINITIALIZED_AUTOS = YES_AGGRESSIVE;
				GCC_WARN_UNUSED_FUNCTION = YES;
				GCC_WARN_UNUSED_VARIABLE = YES;
				IPHONEOS_DEPLOYMENT_TARGET = 12.1;
				MTL_ENABLE_DEBUG_INFO = INCLUDE_SOURCE;
				MTL_FAST_MATH = YES;
				ONLY_ACTIVE_ARCH = YES;
				SDKROOT = iphoneos;
				SWIFT_ACTIVE_COMPILATION_CONDITIONS = DEBUG;
				SWIFT_OPTIMIZATION_LEVEL = "-Onone";
			};
			name = Debug;
		};
		1C9385DB2315536E00341E1B /* Release */ = {
			isa = XCBuildConfiguration;
			buildSettings = {
				ALWAYS_SEARCH_USER_PATHS = NO;
				CLANG_ANALYZER_NONNULL = YES;
				CLANG_ANALYZER_NUMBER_OBJECT_CONVERSION = YES_AGGRESSIVE;
				CLANG_CXX_LANGUAGE_STANDARD = "gnu++14";
				CLANG_CXX_LIBRARY = "libc++";
				CLANG_ENABLE_MODULES = YES;
				CLANG_ENABLE_OBJC_ARC = YES;
				CLANG_ENABLE_OBJC_WEAK = YES;
				CLANG_WARN_BLOCK_CAPTURE_AUTORELEASING = YES;
				CLANG_WARN_BOOL_CONVERSION = YES;
				CLANG_WARN_COMMA = YES;
				CLANG_WARN_CONSTANT_CONVERSION = YES;
				CLANG_WARN_DEPRECATED_OBJC_IMPLEMENTATIONS = YES;
				CLANG_WARN_DIRECT_OBJC_ISA_USAGE = YES_ERROR;
				CLANG_WARN_DOCUMENTATION_COMMENTS = YES;
				CLANG_WARN_EMPTY_BODY = YES;
				CLANG_WARN_ENUM_CONVERSION = YES;
				CLANG_WARN_INFINITE_RECURSION = YES;
				CLANG_WARN_INT_CONVERSION = YES;
				CLANG_WARN_NON_LITERAL_NULL_CONVERSION = YES;
				CLANG_WARN_OBJC_IMPLICIT_RETAIN_SELF = YES;
				CLANG_WARN_OBJC_LITERAL_CONVERSION = YES;
				CLANG_WARN_OBJC_ROOT_CLASS = YES_ERROR;
				CLANG_WARN_RANGE_LOOP_ANALYSIS = YES;
				CLANG_WARN_STRICT_PROTOTYPES = YES;
				CLANG_WARN_SUSPICIOUS_MOVE = YES;
				CLANG_WARN_UNGUARDED_AVAILABILITY = YES_AGGRESSIVE;
				CLANG_WARN_UNREACHABLE_CODE = YES;
				CLANG_WARN__DUPLICATE_METHOD_MATCH = YES;
				CODE_SIGN_IDENTITY = "iPhone Developer";
				COPY_PHASE_STRIP = NO;
				DEBUG_INFORMATION_FORMAT = "dwarf-with-dsym";
				ENABLE_NS_ASSERTIONS = NO;
				ENABLE_STRICT_OBJC_MSGSEND = YES;
				GCC_C_LANGUAGE_STANDARD = gnu11;
				GCC_NO_COMMON_BLOCKS = YES;
				GCC_WARN_64_TO_32_BIT_CONVERSION = YES;
				GCC_WARN_ABOUT_RETURN_TYPE = YES_ERROR;
				GCC_WARN_UNDECLARED_SELECTOR = YES;
				GCC_WARN_UNINITIALIZED_AUTOS = YES_AGGRESSIVE;
				GCC_WARN_UNUSED_FUNCTION = YES;
				GCC_WARN_UNUSED_VARIABLE = YES;
				IPHONEOS_DEPLOYMENT_TARGET = 12.1;
				MTL_ENABLE_DEBUG_INFO = NO;
				MTL_FAST_MATH = YES;
				SDKROOT = iphoneos;
				SWIFT_COMPILATION_MODE = wholemodule;
				SWIFT_OPTIMIZATION_LEVEL = "-O";
				VALIDATE_PRODUCT = YES;
			};
			name = Release;
		};
		1C9385DD2315536E00341E1B /* Debug */ = {
			isa = XCBuildConfiguration;
			buildSettings = {
				ASSETCATALOG_COMPILER_APPICON_NAME = AppIcon;
				CODE_SIGN_STYLE = Automatic;
				DEVELOPMENT_TEAM = M46WLB93L8;
				INFOPLIST_FILE = Algolia/Info.plist;
				IPHONEOS_DEPLOYMENT_TARGET = 10.3;
				LD_RUNPATH_SEARCH_PATHS = (
					"$(inherited)",
					"@executable_path/Frameworks",
				);
				PRODUCT_BUNDLE_IDENTIFIER = abhinav.Algolia;
				PRODUCT_NAME = "$(TARGET_NAME)";
				SWIFT_VERSION = 4.2;
				TARGETED_DEVICE_FAMILY = "1,2";
			};
			name = Debug;
		};
		1C9385DE2315536E00341E1B /* Release */ = {
			isa = XCBuildConfiguration;
			buildSettings = {
				ASSETCATALOG_COMPILER_APPICON_NAME = AppIcon;
				CODE_SIGN_STYLE = Automatic;
				DEVELOPMENT_TEAM = M46WLB93L8;
				INFOPLIST_FILE = Algolia/Info.plist;
				IPHONEOS_DEPLOYMENT_TARGET = 10.3;
				LD_RUNPATH_SEARCH_PATHS = (
					"$(inherited)",
					"@executable_path/Frameworks",
				);
				PRODUCT_BUNDLE_IDENTIFIER = abhinav.Algolia;
				PRODUCT_NAME = "$(TARGET_NAME)";
				SWIFT_VERSION = 4.2;
				TARGETED_DEVICE_FAMILY = "1,2";
			};
			name = Release;
		};
/* End XCBuildConfiguration section */

/* Begin XCConfigurationList section */
		1C9385C52315536C00341E1B /* Build configuration list for PBXProject "Algolia" */ = {
			isa = XCConfigurationList;
			buildConfigurations = (
				1C9385DA2315536E00341E1B /* Debug */,
				1C9385DB2315536E00341E1B /* Release */,
			);
			defaultConfigurationIsVisible = 0;
			defaultConfigurationName = Release;
		};
		1C9385DC2315536E00341E1B /* Build configuration list for PBXNativeTarget "Algolia" */ = {
			isa = XCConfigurationList;
			buildConfigurations = (
				1C9385DD2315536E00341E1B /* Debug */,
				1C9385DE2315536E00341E1B /* Release */,
			);
			defaultConfigurationIsVisible = 0;
			defaultConfigurationName = Release;
		};
/* End XCConfigurationList section */
	};
	rootObject = 1C9385C22315536C00341E1B /* Project object */;
}
